
Microsoft Visual Studio Solution File, Format Version 12.00
# Visual Studio 14
VisualStudioVersion = 14.0.25123.0
MinimumVisualStudioVersion = 10.0.40219.1
Project("{FAE04EC0-301F-11D3-BF4B-00C04F79EFBC}") = "PersonaTelefono", "PersonaTelefono\PersonaTelefono.csproj", "{2C325C9C-7C05-4247-AD3A-CC7CC5A51F2F}"
EndProject
Project("{FAE04EC0-301F-11D3-BF4B-00C04F79EFBC}") = "DAL", "DAL\DAL.csproj", "{5A9587EF-DC4F-4305-B58C-FC017B3FFACD}"
EndProject
Project("{FAE04EC0-301F-11D3-BF4B-00C04F79EFBC}") = "Bll", "Bll\Bll.csproj", "{D2A8E360-DC38-4675-8486-080E98EBE127}"
EndProject
Global
	GlobalSection(SolutionConfigurationPlatforms) = preSolution
		Debug|Any CPU = Debug|Any CPU
		Release|Any CPU = Release|Any CPU
	EndGlobalSection
	GlobalSection(ProjectConfigurationPlatforms) = postSolution
		{2C325C9C-7C05-4247-AD3A-CC7CC5A51F2F}.Debug|Any CPU.ActiveCfg = Debug|Any CPU
		{2C325C9C-7C05-4247-AD3A-CC7CC5A51F2F}.Debug|Any CPU.Build.0 = Debug|Any CPU
		{2C325C9C-7C05-4247-AD3A-CC7CC5A51F2F}.Release|Any CPU.ActiveCfg = Release|Any CPU
		{2C325C9C-7C05-4247-AD3A-CC7CC5A51F2F}.Release|Any CPU.Build.0 = Release|Any CPU
		{5A9587EF-DC4F-4305-B58C-FC017B3FFACD}.Debug|Any CPU.ActiveCfg = Debug|Any CPU
		{5A9587EF-DC4F-4305-B58C-FC017B3FFACD}.Debug|Any CPU.Build.0 = Debug|Any CPU
		{5A9587EF-DC4F-4305-B58C-FC017B3FFACD}.Release|Any CPU.ActiveCfg = Release|Any CPU
		{5A9587EF-DC4F-4305-B58C-FC017B3FFACD}.Release|Any CPU.Build.0 = Release|Any CPU
		{D2A8E360-DC38-4675-8486-080E98EBE127}.Debug|Any CPU.ActiveCfg = Debug|Any CPU
		{D2A8E360-DC38-4675-8486-080E98EBE127}.Debug|Any CPU.Build.0 = Debug|Any CPU
		{D2A8E360-DC38-4675-8486-080E98EBE127}.Release|Any CPU.ActiveCfg = Release|Any CPU
		{D2A8E360-DC38-4675-8486-080E98EBE127}.Release|Any CPU.Build.0 = Release|Any CPU
	EndGlobalSection
	GlobalSection(SolutionProperties) = preSolution
		HideSolutionNode = FALSE
	EndGlobalSection
EndGlobal
